
Microsoft Visual Studio Solution File, Format Version 12.00
# Visual Studio Version 16
VisualStudioVersion = 16.0.30517.126
MinimumVisualStudioVersion = 10.0.40219.1
Project("{FAE04EC0-301F-11D3-BF4B-00C04F79EFBC}") = "Web.ASP", "Web.ASP\Web.ASP.csproj", "{7DD2D207-1371-47E2-83E4-2078B30548F7}"
EndProject
Global
	GlobalSection(SolutionConfigurationPlatforms) = preSolution
		Debug|Any CPU = Debug|Any CPU
		Release|Any CPU = Release|Any CPU
	EndGlobalSection
	GlobalSection(ProjectConfigurationPlatforms) = postSolution
		{7DD2D207-1371-47E2-83E4-2078B30548F7}.Debug|Any CPU.ActiveCfg = Debug|Any CPU
		{7DD2D207-1371-47E2-83E4-2078B30548F7}.Debug|Any CPU.Build.0 = Debug|Any CPU
		{7DD2D207-1371-47E2-83E4-2078B30548F7}.Release|Any CPU.ActiveCfg = Release|Any CPU
		{7DD2D207-1371-47E2-83E4-2078B30548F7}.Release|Any CPU.Build.0 = Release|Any CPU
	EndGlobalSection
	GlobalSection(SolutionProperties) = preSolution
		HideSolutionNode = FALSE
	EndGlobalSection
	GlobalSection(ExtensibilityGlobals) = postSolution
		SolutionGuid = {55A77F26-241F-4687-AEE2-15700892CCCC}
	EndGlobalSection
EndGlobal
